{
  "nodes": {
    "nixos-stable": {
      "locked": {
        "lastModified": 1761173472,
        "narHash": "sha256-m9W0dYXflzeGgKNravKJvTMR4Qqa2MVD11AwlGMufeE=",
        "owner": "nixos",
        "repo": "nixpkgs",
        "rev": "c8aa8cc00a5cb57fada0851a038d35c08a36a2bb",
        "type": "github"
      },
      "original": {
        "owner": "nixos",
        "ref": "nixos-25.05",
        "repo": "nixpkgs",
        "type": "github"
      }
    },
    "nixos-unstable": {
      "locked": {
        "lastModified": 1761373498,
        "narHash": "sha256-Q/uhWNvd7V7k1H1ZPMy/vkx3F8C13ZcdrKjO7Jv7v0c=",
        "owner": "nixos",
        "repo": "nixpkgs",
        "rev": "6a08e6bb4e46ff7fcbb53d409b253f6bad8a28ce",
        "type": "github"
      },
      "original": {
        "owner": "nixos",
        "ref": "nixos-unstable",
        "repo": "nixpkgs",
        "type": "github"
      }
    },
    "nixpkgs": {
      "locked": {
        "lastModified": 1754028485,
        "narHash": "sha256-IiiXB3BDTi6UqzAZcf2S797hWEPCRZOwyNThJIYhUfk=",
        "owner": "NixOS",
        "repo": "nixpkgs",
        "rev": "59e69648d345d6e8fef86158c555730fa12af9de",
        "type": "github"
      },
      "original": {
        "owner": "NixOS",
        "ref": "nixos-25.05",
        "repo": "nixpkgs",
        "type": "github"
      }
    },
    "nixpkgs_2": {
      "locked": {
        "lastModified": 1760524057,
        "narHash": "sha256-EVAqOteLBFmd7pKkb0+FIUyzTF61VKi7YmvP1tw4nEw=",
        "owner": "NixOS",
        "repo": "nixpkgs",
        "rev": "544961dfcce86422ba200ed9a0b00dd4b1486ec5",
        "type": "github"
      },
      "original": {
        "owner": "NixOS",
        "ref": "nixos-unstable",
        "repo": "nixpkgs",
        "type": "github"
      }
    },
    "omenix": {
      "inputs": {
        "nixpkgs": "nixpkgs"
      },
      "locked": {
        "lastModified": 1760759296,
        "narHash": "sha256-C9rvLqxIHqa09sRIsc8+lV8N3YJEOoDejyYP1lu6cB8=",
        "owner": "noahpro99",
        "repo": "omenix",
        "rev": "d28d22743dcf8268f607a21b2bc11bc890696306",
        "type": "github"
      },
      "original": {
        "owner": "noahpro99",
        "repo": "omenix",
        "type": "github"
      }
    },
    "root": {
      "inputs": {
        "nixos-stable": "nixos-stable",
        "nixos-unstable": "nixos-unstable",
        "omenix": "omenix",
        "tofi-emoji": "tofi-emoji"
      }
    },
    "tofi-emoji": {
      "inputs": {
        "nixpkgs": "nixpkgs_2"
      },
      "locked": {
        "lastModified": 1760692216,
        "narHash": "sha256-IaMrngXubURjqfNrKv2oHyX4UXUq/1qID3r3tgBuj08=",
        "owner": "noahpro99",
        "repo": "tofi-emoji",
        "rev": "14b530c1e693485d98f16e1bee78985475349481",
        "type": "github"
      },
      "original": {
        "owner": "noahpro99",
        "repo": "tofi-emoji",
        "type": "github"
      }
    }
  },
  "root": "root",
  "version": 7
}
